
Microsoft Visual Studio Solution File, Format Version 12.00
# Visual Studio 14
VisualStudioVersion = 14.0.25420.1
MinimumVisualStudioVersion = 10.0.40219.1
Project("{FAE04EC0-301F-11D3-BF4B-00C04F79EFBC}") = "App38", "App38\App38\App38.csproj", "{6C84FBA5-9B57-4D3F-9F56-8A963E0E6E20}"
EndProject
Project("{FAE04EC0-301F-11D3-BF4B-00C04F79EFBC}") = "App38.Droid", "App38\App38.Droid\App38.Droid.csproj", "{74AA8350-5BD2-4BC3-9B29-FCD563CA0175}"
EndProject
Project("{FAE04EC0-301F-11D3-BF4B-00C04F79EFBC}") = "App38.iOS", "App38\App38.iOS\App38.iOS.csproj", "{A4015716-937E-41A0-9B38-EF5ABFFE0EEE}"
EndProject
Project("{FAE04EC0-301F-11D3-BF4B-00C04F79EFBC}") = "App38.WinPhone", "App38\App38.WinPhone\App38.WinPhone.csproj", "{6FA25CFB-7BE2-407B-989B-C3D594616C1B}"
EndProject
Project("{FAE04EC0-301F-11D3-BF4B-00C04F79EFBC}") = "App38.UWP", "App38\App38.UWP\App38.UWP.csproj", "{4A7B9AEA-DCF3-4B0B-8C1A-E9CF10909906}"
EndProject
Project("{FAE04EC0-301F-11D3-BF4B-00C04F79EFBC}") = "App38.Windows", "App38\App38.Windows\App38.Windows.csproj", "{BF496DC1-F2E8-4169-A5D6-161394A69D0A}"
EndProject
Global
	GlobalSection(SolutionConfigurationPlatforms) = preSolution
		Ad-Hoc|Any CPU = Ad-Hoc|Any CPU
		Ad-Hoc|ARM = Ad-Hoc|ARM
		Ad-Hoc|iPhone = Ad-Hoc|iPhone
		Ad-Hoc|iPhoneSimulator = Ad-Hoc|iPhoneSimulator
		Ad-Hoc|x64 = Ad-Hoc|x64
		Ad-Hoc|x86 = Ad-Hoc|x86
		AppStore|Any CPU = AppStore|Any CPU
		AppStore|ARM = AppStore|ARM
		AppStore|iPhone = AppStore|iPhone
		AppStore|iPhoneSimulator = AppStore|iPhoneSimulator
		AppStore|x64 = AppStore|x64
		AppStore|x86 = AppStore|x86
		Debug|Any CPU = Debug|Any CPU
		Debug|ARM = Debug|ARM
		Debug|iPhone = Debug|iPhone
		Debug|iPhoneSimulator = Debug|iPhoneSimulator
		Debug|x64 = Debug|x64
		Debug|x86 = Debug|x86
		Release|Any CPU = Release|Any CPU
		Release|ARM = Release|ARM
		Release|iPhone = Release|iPhone
		Release|iPhoneSimulator = Release|iPhoneSimulator
		Release|x64 = Release|x64
		Release|x86 = Release|x86
	EndGlobalSection
	GlobalSection(ProjectConfigurationPlatforms) = postSolution
		{6C84FBA5-9B57-4D3F-9F56-8A963E0E6E20}.Ad-Hoc|Any CPU.ActiveCfg = Release|Any CPU
		{6C84FBA5-9B57-4D3F-9F56-8A963E0E6E20}.Ad-Hoc|Any CPU.Build.0 = Release|Any CPU
		{6C84FBA5-9B57-4D3F-9F56-8A963E0E6E20}.Ad-Hoc|ARM.ActiveCfg = Release|Any CPU
		{6C84FBA5-9B57-4D3F-9F56-8A963E0E6E20}.Ad-Hoc|ARM.Build.0 = Release|Any CPU
		{6C84FBA5-9B57-4D3F-9F56-8A963E0E6E20}.Ad-Hoc|iPhone.ActiveCfg = Release|Any CPU
		{6C84FBA5-9B57-4D3F-9F56-8A963E0E6E20}.Ad-Hoc|iPhone.Build.0 = Release|Any CPU
		{6C84FBA5-9B57-4D3F-9F56-8A963E0E6E20}.Ad-Hoc|iPhoneSimulator.ActiveCfg = Release|Any CPU
		{6C84FBA5-9B57-4D3F-9F56-8A963E0E6E20}.Ad-Hoc|iPhoneSimulator.Build.0 = Release|Any CPU
		{6C84FBA5-9B57-4D3F-9F56-8A963E0E6E20}.Ad-Hoc|x64.ActiveCfg = Release|Any CPU
		{6C84FBA5-9B57-4D3F-9F56-8A963E0E6E20}.Ad-Hoc|x64.Build.0 = Release|Any CPU
		{6C84FBA5-9B57-4D3F-9F56-8A963E0E6E20}.Ad-Hoc|x86.ActiveCfg = Release|Any CPU
		{6C84FBA5-9B57-4D3F-9F56-8A963E0E6E20}.Ad-Hoc|x86.Build.0 = Release|Any CPU
		{6C84FBA5-9B57-4D3F-9F56-8A963E0E6E20}.AppStore|Any CPU.ActiveCfg = Release|Any CPU
		{6C84FBA5-9B57-4D3F-9F56-8A963E0E6E20}.AppStore|Any CPU.Build.0 = Release|Any CPU
		{6C84FBA5-9B57-4D3F-9F56-8A963E0E6E20}.AppStore|ARM.ActiveCfg = Release|Any CPU
		{6C84FBA5-9B57-4D3F-9F56-8A963E0E6E20}.AppStore|ARM.Build.0 = Release|Any CPU
		{6C84FBA5-9B57-4D3F-9F56-8A963E0E6E20}.AppStore|iPhone.ActiveCfg = Release|Any CPU
		{6C84FBA5-9B57-4D3F-9F56-8A963E0E6E20}.AppStore|iPhone.Build.0 = Release|Any CPU
		{6C84FBA5-9B57-4D3F-9F56-8A963E0E6E20}.AppStore|iPhoneSimulator.ActiveCfg = Release|Any CPU
		{6C84FBA5-9B57-4D3F-9F56-8A963E0E6E20}.AppStore|iPhoneSimulator.Build.0 = Release|Any CPU
		{6C84FBA5-9B57-4D3F-9F56-8A963E0E6E20}.AppStore|x64.ActiveCfg = Release|Any CPU
		{6C84FBA5-9B57-4D3F-9F56-8A963E0E6E20}.AppStore|x64.Build.0 = Release|Any CPU
		{6C84FBA5-9B57-4D3F-9F56-8A963E0E6E20}.AppStore|x86.ActiveCfg = Release|Any CPU
		{6C84FBA5-9B57-4D3F-9F56-8A963E0E6E20}.AppStore|x86.Build.0 = Release|Any CPU
		{6C84FBA5-9B57-4D3F-9F56-8A963E0E6E20}.Debug|Any CPU.ActiveCfg = Debug|Any CPU
		{6C84FBA5-9B57-4D3F-9F56-8A963E0E6E20}.Debug|Any CPU.Build.0 = Debug|Any CPU
		{6C84FBA5-9B57-4D3F-9F56-8A963E0E6E20}.Debug|ARM.ActiveCfg = Debug|Any CPU
		{6C84FBA5-9B57-4D3F-9F56-8A963E0E6E20}.Debug|ARM.Build.0 = Debug|Any CPU
		{6C84FBA5-9B57-4D3F-9F56-8A963E0E6E20}.Debug|iPhone.ActiveCfg = Debug|Any CPU
		{6C84FBA5-9B57-4D3F-9F56-8A963E0E6E20}.Debug|iPhone.Build.0 = Debug|Any CPU
		{6C84FBA5-9B57-4D3F-9F56-8A963E0E6E20}.Debug|iPhoneSimulator.ActiveCfg = Debug|Any CPU
		{6C84FBA5-9B57-4D3F-9F56-8A963E0E6E20}.Debug|iPhoneSimulator.Build.0 = Debug|Any CPU
		{6C84FBA5-9B57-4D3F-9F56-8A963E0E6E20}.Debug|x64.ActiveCfg = Debug|Any CPU
		{6C84FBA5-9B57-4D3F-9F56-8A963E0E6E20}.Debug|x64.Build.0 = Debug|Any CPU
		{6C84FBA5-9B57-4D3F-9F56-8A963E0E6E20}.Debug|x86.ActiveCfg = Debug|Any CPU
		{6C84FBA5-9B57-4D3F-9F56-8A963E0E6E20}.Debug|x86.Build.0 = Debug|Any CPU
		{6C84FBA5-9B57-4D3F-9F56-8A963E0E6E20}.Release|Any CPU.ActiveCfg = Release|Any CPU
		{6C84FBA5-9B57-4D3F-9F56-8A963E0E6E20}.Release|Any CPU.Build.0 = Release|Any CPU
		{6C84FBA5-9B57-4D3F-9F56-8A963E0E6E20}.Release|ARM.ActiveCfg = Release|Any CPU
		{6C84FBA5-9B57-4D3F-9F56-8A963E0E6E20}.Release|ARM.Build.0 = Release|Any CPU
		{6C84FBA5-9B57-4D3F-9F56-8A963E0E6E20}.Release|iPhone.ActiveCfg = Release|Any CPU
		{6C84FBA5-9B57-4D3F-9F56-8A963E0E6E20}.Release|iPhone.Build.0 = Release|Any CPU
		{6C84FBA5-9B57-4D3F-9F56-8A963E0E6E20}.Release|iPhoneSimulator.ActiveCfg = Release|Any CPU
		{6C84FBA5-9B57-4D3F-9F56-8A963E0E6E20}.Release|iPhoneSimulator.Build.0 = Release|Any CPU
		{6C84FBA5-9B57-4D3F-9F56-8A963E0E6E20}.Release|x64.ActiveCfg = Release|Any CPU
		{6C84FBA5-9B57-4D3F-9F56-8A963E0E6E20}.Release|x64.Build.0 = Release|Any CPU
		{6C84FBA5-9B57-4D3F-9F56-8A963E0E6E20}.Release|x86.ActiveCfg = Release|Any CPU
		{6C84FBA5-9B57-4D3F-9F56-8A963E0E6E20}.Release|x86.Build.0 = Release|Any CPU
		{74AA8350-5BD2-4BC3-9B29-FCD563CA0175}.Ad-Hoc|Any CPU.ActiveCfg = Release|Any CPU
		{74AA8350-5BD2-4BC3-9B29-FCD563CA0175}.Ad-Hoc|Any CPU.Build.0 = Release|Any CPU
		{74AA8350-5BD2-4BC3-9B29-FCD563CA0175}.Ad-Hoc|Any CPU.Deploy.0 = Release|Any CPU
		{74AA8350-5BD2-4BC3-9B29-FCD563CA0175}.Ad-Hoc|ARM.ActiveCfg = Release|Any CPU
		{74AA8350-5BD2-4BC3-9B29-FCD563CA0175}.Ad-Hoc|ARM.Build.0 = Release|Any CPU
		{74AA8350-5BD2-4BC3-9B29-FCD563CA0175}.Ad-Hoc|ARM.Deploy.0 = Release|Any CPU
		{74AA8350-5BD2-4BC3-9B29-FCD563CA0175}.Ad-Hoc|iPhone.ActiveCfg = Release|Any CPU
		{74AA8350-5BD2-4BC3-9B29-FCD563CA0175}.Ad-Hoc|iPhone.Build.0 = Release|Any CPU
		{74AA8350-5BD2-4BC3-9B29-FCD563CA0175}.Ad-Hoc|iPhone.Deploy.0 = Release|Any CPU
		{74AA8350-5BD2-4BC3-9B29-FCD563CA0175}.Ad-Hoc|iPhoneSimulator.ActiveCfg = Release|Any CPU
		{74AA8350-5BD2-4BC3-9B29-FCD563CA0175}.Ad-Hoc|iPhoneSimulator.Build.0 = Release|Any CPU
		{74AA8350-5BD2-4BC3-9B29-FCD563CA0175}.Ad-Hoc|iPhoneSimulator.Deploy.0 = Release|Any CPU
		{74AA8350-5BD2-4BC3-9B29-FCD563CA0175}.Ad-Hoc|x64.ActiveCfg = Release|Any CPU
		{74AA8350-5BD2-4BC3-9B29-FCD563CA0175}.Ad-Hoc|x64.Build.0 = Release|Any CPU
		{74AA8350-5BD2-4BC3-9B29-FCD563CA0175}.Ad-Hoc|x64.Deploy.0 = Release|Any CPU
		{74AA8350-5BD2-4BC3-9B29-FCD563CA0175}.Ad-Hoc|x86.ActiveCfg = Release|Any CPU
		{74AA8350-5BD2-4BC3-9B29-FCD563CA0175}.Ad-Hoc|x86.Build.0 = Release|Any CPU
		{74AA8350-5BD2-4BC3-9B29-FCD563CA0175}.Ad-Hoc|x86.Deploy.0 = Release|Any CPU
		{74AA8350-5BD2-4BC3-9B29-FCD563CA0175}.AppStore|Any CPU.ActiveCfg = Release|Any CPU
		{74AA8350-5BD2-4BC3-9B29-FCD563CA0175}.AppStore|Any CPU.Build.0 = Release|Any CPU
		{74AA8350-5BD2-4BC3-9B29-FCD563CA0175}.AppStore|Any CPU.Deploy.0 = Release|Any CPU
		{74AA8350-5BD2-4BC3-9B29-FCD563CA0175}.AppStore|ARM.ActiveCfg = Release|Any CPU
		{74AA8350-5BD2-4BC3-9B29-FCD563CA0175}.AppStore|ARM.Build.0 = Release|Any CPU
		{74AA8350-5BD2-4BC3-9B29-FCD563CA0175}.AppStore|ARM.Deploy.0 = Release|Any CPU
		{74AA8350-5BD2-4BC3-9B29-FCD563CA0175}.AppStore|iPhone.ActiveCfg = Release|Any CPU
		{74AA8350-5BD2-4BC3-9B29-FCD563CA0175}.AppStore|iPhone.Build.0 = Release|Any CPU
		{74AA8350-5BD2-4BC3-9B29-FCD563CA0175}.AppStore|iPhone.Deploy.0 = Release|Any CPU
		{74AA8350-5BD2-4BC3-9B29-FCD563CA0175}.AppStore|iPhoneSimulator.ActiveCfg = Release|Any CPU
		{74AA8350-5BD2-4BC3-9B29-FCD563CA0175}.AppStore|iPhoneSimulator.Build.0 = Release|Any CPU
		{74AA8350-5BD2-4BC3-9B29-FCD563CA0175}.AppStore|iPhoneSimulator.Deploy.0 = Release|Any CPU
		{74AA8350-5BD2-4BC3-9B29-FCD563CA0175}.AppStore|x64.ActiveCfg = Release|Any CPU
		{74AA8350-5BD2-4BC3-9B29-FCD563CA0175}.AppStore|x64.Build.0 = Release|Any CPU
		{74AA8350-5BD2-4BC3-9B29-FCD563CA0175}.AppStore|x64.Deploy.0 = Release|Any CPU
		{74AA8350-5BD2-4BC3-9B29-FCD563CA0175}.AppStore|x86.ActiveCfg = Release|Any CPU
		{74AA8350-5BD2-4BC3-9B29-FCD563CA0175}.AppStore|x86.Build.0 = Release|Any CPU
		{74AA8350-5BD2-4BC3-9B29-FCD563CA0175}.AppStore|x86.Deploy.0 = Release|Any CPU
		{74AA8350-5BD2-4BC3-9B29-FCD563CA0175}.Debug|Any CPU.ActiveCfg = Debug|Any CPU
		{74AA8350-5BD2-4BC3-9B29-FCD563CA0175}.Debug|Any CPU.Build.0 = Debug|Any CPU
		{74AA8350-5BD2-4BC3-9B29-FCD563CA0175}.Debug|Any CPU.Deploy.0 = Debug|Any CPU
		{74AA8350-5BD2-4BC3-9B29-FCD563CA0175}.Debug|ARM.ActiveCfg = Debug|Any CPU
		{74AA8350-5BD2-4BC3-9B29-FCD563CA0175}.Debug|ARM.Build.0 = Debug|Any CPU
		{74AA8350-5BD2-4BC3-9B29-FCD563CA0175}.Debug|ARM.Deploy.0 = Debug|Any CPU
		{74AA8350-5BD2-4BC3-9B29-FCD563CA0175}.Debug|iPhone.ActiveCfg = Debug|Any CPU
		{74AA8350-5BD2-4BC3-9B29-FCD563CA0175}.Debug|iPhone.Build.0 = Debug|Any CPU
		{74AA8350-5BD2-4BC3-9B29-FCD563CA0175}.Debug|iPhone.Deploy.0 = Debug|Any CPU
		{74AA8350-5BD2-4BC3-9B29-FCD563CA0175}.Debug|iPhoneSimulator.ActiveCfg = Debug|Any CPU
		{74AA8350-5BD2-4BC3-9B29-FCD563CA0175}.Debug|iPhoneSimulator.Build.0 = Debug|Any CPU
		{74AA8350-5BD2-4BC3-9B29-FCD563CA0175}.Debug|iPhoneSimulator.Deploy.0 = Debug|Any CPU
		{74AA8350-5BD2-4BC3-9B29-FCD563CA0175}.Debug|x64.ActiveCfg = Debug|Any CPU
		{74AA8350-5BD2-4BC3-9B29-FCD563CA0175}.Debug|x64.Build.0 = Debug|Any CPU
		{74AA8350-5BD2-4BC3-9B29-FCD563CA0175}.Debug|x64.Deploy.0 = Debug|Any CPU
		{74AA8350-5BD2-4BC3-9B29-FCD563CA0175}.Debug|x86.ActiveCfg = Debug|Any CPU
		{74AA8350-5BD2-4BC3-9B29-FCD563CA0175}.Debug|x86.Build.0 = Debug|Any CPU
		{74AA8350-5BD2-4BC3-9B29-FCD563CA0175}.Debug|x86.Deploy.0 = Debug|Any CPU
		{74AA8350-5BD2-4BC3-9B29-FCD563CA0175}.Release|Any CPU.ActiveCfg = Release|Any CPU
		{74AA8350-5BD2-4BC3-9B29-FCD563CA0175}.Release|Any CPU.Build.0 = Release|Any CPU
		{74AA8350-5BD2-4BC3-9B29-FCD563CA0175}.Release|Any CPU.Deploy.0 = Release|Any CPU
		{74AA8350-5BD2-4BC3-9B29-FCD563CA0175}.Release|ARM.ActiveCfg = Release|Any CPU
		{74AA8350-5BD2-4BC3-9B29-FCD563CA0175}.Release|ARM.Build.0 = Release|Any CPU
		{74AA8350-5BD2-4BC3-9B29-FCD563CA0175}.Release|ARM.Deploy.0 = Release|Any CPU
		{74AA8350-5BD2-4BC3-9B29-FCD563CA0175}.Release|iPhone.ActiveCfg = Release|Any CPU
		{74AA8350-5BD2-4BC3-9B29-FCD563CA0175}.Release|iPhone.Build.0 = Release|Any CPU
		{74AA8350-5BD2-4BC3-9B29-FCD563CA0175}.Release|iPhone.Deploy.0 = Release|Any CPU
		{74AA8350-5BD2-4BC3-9B29-FCD563CA0175}.Release|iPhoneSimulator.ActiveCfg = Release|Any CPU
		{74AA8350-5BD2-4BC3-9B29-FCD563CA0175}.Release|iPhoneSimulator.Build.0 = Release|Any CPU
		{74AA8350-5BD2-4BC3-9B29-FCD563CA0175}.Release|iPhoneSimulator.Deploy.0 = Release|Any CPU
		{74AA8350-5BD2-4BC3-9B29-FCD563CA0175}.Release|x64.ActiveCfg = Release|Any CPU
		{74AA8350-5BD2-4BC3-9B29-FCD563CA0175}.Release|x64.Build.0 = Release|Any CPU
		{74AA8350-5BD2-4BC3-9B29-FCD563CA0175}.Release|x64.Deploy.0 = Release|Any CPU
		{74AA8350-5BD2-4BC3-9B29-FCD563CA0175}.Release|x86.ActiveCfg = Release|Any CPU
		{74AA8350-5BD2-4BC3-9B29-FCD563CA0175}.Release|x86.Build.0 = Release|Any CPU
		{74AA8350-5BD2-4BC3-9B29-FCD563CA0175}.Release|x86.Deploy.0 = Release|Any CPU
		{A4015716-937E-41A0-9B38-EF5ABFFE0EEE}.Ad-Hoc|Any CPU.ActiveCfg = Ad-Hoc|iPhone
		{A4015716-937E-41A0-9B38-EF5ABFFE0EEE}.Ad-Hoc|ARM.ActiveCfg = Ad-Hoc|iPhone
		{A4015716-937E-41A0-9B38-EF5ABFFE0EEE}.Ad-Hoc|iPhone.ActiveCfg = Ad-Hoc|iPhone
		{A4015716-937E-41A0-9B38-EF5ABFFE0EEE}.Ad-Hoc|iPhone.Build.0 = Ad-Hoc|iPhone
		{A4015716-937E-41A0-9B38-EF5ABFFE0EEE}.Ad-Hoc|iPhoneSimulator.ActiveCfg = Ad-Hoc|iPhoneSimulator
		{A4015716-937E-41A0-9B38-EF5ABFFE0EEE}.Ad-Hoc|iPhoneSimulator.Build.0 = Ad-Hoc|iPhoneSimulator
		{A4015716-937E-41A0-9B38-EF5ABFFE0EEE}.Ad-Hoc|x64.ActiveCfg = Ad-Hoc|iPhone
		{A4015716-937E-41A0-9B38-EF5ABFFE0EEE}.Ad-Hoc|x86.ActiveCfg = Ad-Hoc|iPhone
		{A4015716-937E-41A0-9B38-EF5ABFFE0EEE}.AppStore|Any CPU.ActiveCfg = AppStore|iPhone
		{A4015716-937E-41A0-9B38-EF5ABFFE0EEE}.AppStore|ARM.ActiveCfg = AppStore|iPhone
		{A4015716-937E-41A0-9B38-EF5ABFFE0EEE}.AppStore|iPhone.ActiveCfg = AppStore|iPhone
		{A4015716-937E-41A0-9B38-EF5ABFFE0EEE}.AppStore|iPhone.Build.0 = AppStore|iPhone
		{A4015716-937E-41A0-9B38-EF5ABFFE0EEE}.AppStore|iPhoneSimulator.ActiveCfg = AppStore|iPhoneSimulator
		{A4015716-937E-41A0-9B38-EF5ABFFE0EEE}.AppStore|iPhoneSimulator.Build.0 = AppStore|iPhoneSimulator
		{A4015716-937E-41A0-9B38-EF5ABFFE0EEE}.AppStore|x64.ActiveCfg = AppStore|iPhone
		{A4015716-937E-41A0-9B38-EF5ABFFE0EEE}.AppStore|x86.ActiveCfg = AppStore|iPhone
		{A4015716-937E-41A0-9B38-EF5ABFFE0EEE}.Debug|Any CPU.ActiveCfg = Debug|iPhone
		{A4015716-937E-41A0-9B38-EF5ABFFE0EEE}.Debug|ARM.ActiveCfg = Debug|iPhone
		{A4015716-937E-41A0-9B38-EF5ABFFE0EEE}.Debug|iPhone.ActiveCfg = Debug|iPhone
		{A4015716-937E-41A0-9B38-EF5ABFFE0EEE}.Debug|iPhone.Build.0 = Debug|iPhone
		{A4015716-937E-41A0-9B38-EF5ABFFE0EEE}.Debug|iPhoneSimulator.ActiveCfg = Debug|iPhoneSimulator
		{A4015716-937E-41A0-9B38-EF5ABFFE0EEE}.Debug|iPhoneSimulator.Build.0 = Debug|iPhoneSimulator
		{A4015716-937E-41A0-9B38-EF5ABFFE0EEE}.Debug|x64.ActiveCfg = Debug|iPhone
		{A4015716-937E-41A0-9B38-EF5ABFFE0EEE}.Debug|x86.ActiveCfg = Debug|iPhone
		{A4015716-937E-41A0-9B38-EF5ABFFE0EEE}.Release|Any CPU.ActiveCfg = Release|iPhone
		{A4015716-937E-41A0-9B38-EF5ABFFE0EEE}.Release|ARM.ActiveCfg = Release|iPhone
		{A4015716-937E-41A0-9B38-EF5ABFFE0EEE}.Release|iPhone.ActiveCfg = Release|iPhone
		{A4015716-937E-41A0-9B38-EF5ABFFE0EEE}.Release|iPhone.Build.0 = Release|iPhone
		{A4015716-937E-41A0-9B38-EF5ABFFE0EEE}.Release|iPhoneSimulator.ActiveCfg = Release|iPhoneSimulator
		{A4015716-937E-41A0-9B38-EF5ABFFE0EEE}.Release|iPhoneSimulator.Build.0 = Release|iPhoneSimulator
		{A4015716-937E-41A0-9B38-EF5ABFFE0EEE}.Release|x64.ActiveCfg = Release|iPhone
		{A4015716-937E-41A0-9B38-EF5ABFFE0EEE}.Release|x86.ActiveCfg = Release|iPhone
		{6FA25CFB-7BE2-407B-989B-C3D594616C1B}.Ad-Hoc|Any CPU.ActiveCfg = Release|Any CPU
		{6FA25CFB-7BE2-407B-989B-C3D594616C1B}.Ad-Hoc|Any CPU.Build.0 = Release|Any CPU
		{6FA25CFB-7BE2-407B-989B-C3D594616C1B}.Ad-Hoc|Any CPU.Deploy.0 = Release|Any CPU
		{6FA25CFB-7BE2-407B-989B-C3D594616C1B}.Ad-Hoc|ARM.ActiveCfg = Release|ARM
		{6FA25CFB-7BE2-407B-989B-C3D594616C1B}.Ad-Hoc|ARM.Build.0 = Release|ARM
		{6FA25CFB-7BE2-407B-989B-C3D594616C1B}.Ad-Hoc|ARM.Deploy.0 = Release|ARM
		{6FA25CFB-7BE2-407B-989B-C3D594616C1B}.Ad-Hoc|iPhone.ActiveCfg = Release|Any CPU
		{6FA25CFB-7BE2-407B-989B-C3D594616C1B}.Ad-Hoc|iPhone.Build.0 = Release|Any CPU
		{6FA25CFB-7BE2-407B-989B-C3D594616C1B}.Ad-Hoc|iPhone.Deploy.0 = Release|Any CPU
		{6FA25CFB-7BE2-407B-989B-C3D594616C1B}.Ad-Hoc|iPhoneSimulator.ActiveCfg = Release|Any CPU
		{6FA25CFB-7BE2-407B-989B-C3D594616C1B}.Ad-Hoc|iPhoneSimulator.Build.0 = Release|Any CPU
		{6FA25CFB-7BE2-407B-989B-C3D594616C1B}.Ad-Hoc|iPhoneSimulator.Deploy.0 = Release|Any CPU
		{6FA25CFB-7BE2-407B-989B-C3D594616C1B}.Ad-Hoc|x64.ActiveCfg = Release|Any CPU
		{6FA25CFB-7BE2-407B-989B-C3D594616C1B}.Ad-Hoc|x64.Build.0 = Release|Any CPU
		{6FA25CFB-7BE2-407B-989B-C3D594616C1B}.Ad-Hoc|x64.Deploy.0 = Release|Any CPU
		{6FA25CFB-7BE2-407B-989B-C3D594616C1B}.Ad-Hoc|x86.ActiveCfg = Release|x86
		{6FA25CFB-7BE2-407B-989B-C3D594616C1B}.Ad-Hoc|x86.Build.0 = Release|x86
		{6FA25CFB-7BE2-407B-989B-C3D594616C1B}.Ad-Hoc|x86.Deploy.0 = Release|x86
		{6FA25CFB-7BE2-407B-989B-C3D594616C1B}.AppStore|Any CPU.ActiveCfg = Release|Any CPU
		{6FA25CFB-7BE2-407B-989B-C3D594616C1B}.AppStore|Any CPU.Build.0 = Release|Any CPU
		{6FA25CFB-7BE2-407B-989B-C3D594616C1B}.AppStore|Any CPU.Deploy.0 = Release|Any CPU
		{6FA25CFB-7BE2-407B-989B-C3D594616C1B}.AppStore|ARM.ActiveCfg = Release|ARM
		{6FA25CFB-7BE2-407B-989B-C3D594616C1B}.AppStore|ARM.Build.0 = Release|ARM
		{6FA25CFB-7BE2-407B-989B-C3D594616C1B}.AppStore|ARM.Deploy.0 = Release|ARM
		{6FA25CFB-7BE2-407B-989B-C3D594616C1B}.AppStore|iPhone.ActiveCfg = Release|Any CPU
		{6FA25CFB-7BE2-407B-989B-C3D594616C1B}.AppStore|iPhone.Build.0 = Release|Any CPU
		{6FA25CFB-7BE2-407B-989B-C3D594616C1B}.AppStore|iPhone.Deploy.0 = Release|Any CPU
		{6FA25CFB-7BE2-407B-989B-C3D594616C1B}.AppStore|iPhoneSimulator.ActiveCfg = Release|Any CPU
		{6FA25CFB-7BE2-407B-989B-C3D594616C1B}.AppStore|iPhoneSimulator.Build.0 = Release|Any CPU
		{6FA25CFB-7BE2-407B-989B-C3D594616C1B}.AppStore|iPhoneSimulator.Deploy.0 = Release|Any CPU
		{6FA25CFB-7BE2-407B-989B-C3D594616C1B}.AppStore|x64.ActiveCfg = Release|Any CPU
		{6FA25CFB-7BE2-407B-989B-C3D594616C1B}.AppStore|x64.Build.0 = Release|Any CPU
		{6FA25CFB-7BE2-407B-989B-C3D594616C1B}.AppStore|x64.Deploy.0 = Release|Any CPU
		{6FA25CFB-7BE2-407B-989B-C3D594616C1B}.AppStore|x86.ActiveCfg = Release|x86
		{6FA25CFB-7BE2-407B-989B-C3D594616C1B}.AppStore|x86.Build.0 = Release|x86
		{6FA25CFB-7BE2-407B-989B-C3D594616C1B}.AppStore|x86.Deploy.0 = Release|x86
		{6FA25CFB-7BE2-407B-989B-C3D594616C1B}.Debug|Any CPU.ActiveCfg = Debug|Any CPU
		{6FA25CFB-7BE2-407B-989B-C3D594616C1B}.Debug|Any CPU.Build.0 = Debug|Any CPU
		{6FA25CFB-7BE2-407B-989B-C3D594616C1B}.Debug|Any CPU.Deploy.0 = Debug|Any CPU
		{6FA25CFB-7BE2-407B-989B-C3D594616C1B}.Debug|ARM.ActiveCfg = Debug|ARM
		{6FA25CFB-7BE2-407B-989B-C3D594616C1B}.Debug|ARM.Build.0 = Debug|ARM
		{6FA25CFB-7BE2-407B-989B-C3D594616C1B}.Debug|ARM.Deploy.0 = Debug|ARM
		{6FA25CFB-7BE2-407B-989B-C3D594616C1B}.Debug|iPhone.ActiveCfg = Debug|Any CPU
		{6FA25CFB-7BE2-407B-989B-C3D594616C1B}.Debug|iPhone.Build.0 = Debug|Any CPU
		{6FA25CFB-7BE2-407B-989B-C3D594616C1B}.Debug|iPhone.Deploy.0 = Debug|Any CPU
		{6FA25CFB-7BE2-407B-989B-C3D594616C1B}.Debug|iPhoneSimulator.ActiveCfg = Debug|Any CPU
		{6FA25CFB-7BE2-407B-989B-C3D594616C1B}.Debug|iPhoneSimulator.Build.0 = Debug|Any CPU
		{6FA25CFB-7BE2-407B-989B-C3D594616C1B}.Debug|iPhoneSimulator.Deploy.0 = Debug|Any CPU
		{6FA25CFB-7BE2-407B-989B-C3D594616C1B}.Debug|x64.ActiveCfg = Debug|Any CPU
		{6FA25CFB-7BE2-407B-989B-C3D594616C1B}.Debug|x64.Build.0 = Debug|Any CPU
		{6FA25CFB-7BE2-407B-989B-C3D594616C1B}.Debug|x64.Deploy.0 = Debug|Any CPU
		{6FA25CFB-7BE2-407B-989B-C3D594616C1B}.Debug|x86.ActiveCfg = Debug|x86
		{6FA25CFB-7BE2-407B-989B-C3D594616C1B}.Debug|x86.Build.0 = Debug|x86
		{6FA25CFB-7BE2-407B-989B-C3D594616C1B}.Debug|x86.Deploy.0 = Debug|x86
		{6FA25CFB-7BE2-407B-989B-C3D594616C1B}.Release|Any CPU.ActiveCfg = Release|Any CPU
		{6FA25CFB-7BE2-407B-989B-C3D594616C1B}.Release|Any CPU.Build.0 = Release|Any CPU
		{6FA25CFB-7BE2-407B-989B-C3D594616C1B}.Release|Any CPU.Deploy.0 = Release|Any CPU
		{6FA25CFB-7BE2-407B-989B-C3D594616C1B}.Release|ARM.ActiveCfg = Release|ARM
		{6FA25CFB-7BE2-407B-989B-C3D594616C1B}.Release|ARM.Build.0 = Release|ARM
		{6FA25CFB-7BE2-407B-989B-C3D594616C1B}.Release|ARM.Deploy.0 = Release|ARM
		{6FA25CFB-7BE2-407B-989B-C3D594616C1B}.Release|iPhone.ActiveCfg = Release|Any CPU
		{6FA25CFB-7BE2-407B-989B-C3D594616C1B}.Release|iPhone.Build.0 = Release|Any CPU
		{6FA25CFB-7BE2-407B-989B-C3D594616C1B}.Release|iPhone.Deploy.0 = Release|Any CPU
		{6FA25CFB-7BE2-407B-989B-C3D594616C1B}.Release|iPhoneSimulator.ActiveCfg = Release|Any CPU
		{6FA25CFB-7BE2-407B-989B-C3D594616C1B}.Release|iPhoneSimulator.Build.0 = Release|Any CPU
		{6FA25CFB-7BE2-407B-989B-C3D594616C1B}.Release|iPhoneSimulator.Deploy.0 = Release|Any CPU
		{6FA25CFB-7BE2-407B-989B-C3D594616C1B}.Release|x64.ActiveCfg = Release|Any CPU
		{6FA25CFB-7BE2-407B-989B-C3D594616C1B}.Release|x64.Build.0 = Release|Any CPU
		{6FA25CFB-7BE2-407B-989B-C3D594616C1B}.Release|x64.Deploy.0 = Release|Any CPU
		{6FA25CFB-7BE2-407B-989B-C3D594616C1B}.Release|x86.ActiveCfg = Release|x86
		{6FA25CFB-7BE2-407B-989B-C3D594616C1B}.Release|x86.Build.0 = Release|x86
		{6FA25CFB-7BE2-407B-989B-C3D594616C1B}.Release|x86.Deploy.0 = Release|x86
		{4A7B9AEA-DCF3-4B0B-8C1A-E9CF10909906}.Ad-Hoc|Any CPU.ActiveCfg = Release|x86
		{4A7B9AEA-DCF3-4B0B-8C1A-E9CF10909906}.Ad-Hoc|Any CPU.Build.0 = Release|x86
		{4A7B9AEA-DCF3-4B0B-8C1A-E9CF10909906}.Ad-Hoc|Any CPU.Deploy.0 = Release|x86
		{4A7B9AEA-DCF3-4B0B-8C1A-E9CF10909906}.Ad-Hoc|ARM.ActiveCfg = Release|ARM
		{4A7B9AEA-DCF3-4B0B-8C1A-E9CF10909906}.Ad-Hoc|ARM.Build.0 = Release|ARM
		{4A7B9AEA-DCF3-4B0B-8C1A-E9CF10909906}.Ad-Hoc|ARM.Deploy.0 = Release|ARM
		{4A7B9AEA-DCF3-4B0B-8C1A-E9CF10909906}.Ad-Hoc|iPhone.ActiveCfg = Release|x86
		{4A7B9AEA-DCF3-4B0B-8C1A-E9CF10909906}.Ad-Hoc|iPhone.Build.0 = Release|x86
		{4A7B9AEA-DCF3-4B0B-8C1A-E9CF10909906}.Ad-Hoc|iPhone.Deploy.0 = Release|x86
		{4A7B9AEA-DCF3-4B0B-8C1A-E9CF10909906}.Ad-Hoc|iPhoneSimulator.ActiveCfg = Release|x86
		{4A7B9AEA-DCF3-4B0B-8C1A-E9CF10909906}.Ad-Hoc|iPhoneSimulator.Build.0 = Release|x86
		{4A7B9AEA-DCF3-4B0B-8C1A-E9CF10909906}.Ad-Hoc|iPhoneSimulator.Deploy.0 = Release|x86
		{4A7B9AEA-DCF3-4B0B-8C1A-E9CF10909906}.Ad-Hoc|x64.ActiveCfg = Release|x64
		{4A7B9AEA-DCF3-4B0B-8C1A-E9CF10909906}.Ad-Hoc|x64.Build.0 = Release|x64
		{4A7B9AEA-DCF3-4B0B-8C1A-E9CF10909906}.Ad-Hoc|x64.Deploy.0 = Release|x64
		{4A7B9AEA-DCF3-4B0B-8C1A-E9CF10909906}.Ad-Hoc|x86.ActiveCfg = Release|x86
		{4A7B9AEA-DCF3-4B0B-8C1A-E9CF10909906}.Ad-Hoc|x86.Build.0 = Release|x86
		{4A7B9AEA-DCF3-4B0B-8C1A-E9CF10909906}.Ad-Hoc|x86.Deploy.0 = Release|x86
		{4A7B9AEA-DCF3-4B0B-8C1A-E9CF10909906}.AppStore|Any CPU.ActiveCfg = Release|x86
		{4A7B9AEA-DCF3-4B0B-8C1A-E9CF10909906}.AppStore|Any CPU.Build.0 = Release|x86
		{4A7B9AEA-DCF3-4B0B-8C1A-E9CF10909906}.AppStore|Any CPU.Deploy.0 = Release|x86
		{4A7B9AEA-DCF3-4B0B-8C1A-E9CF10909906}.AppStore|ARM.ActiveCfg = Release|ARM
		{4A7B9AEA-DCF3-4B0B-8C1A-E9CF10909906}.AppStore|ARM.Build.0 = Release|ARM
		{4A7B9AEA-DCF3-4B0B-8C1A-E9CF10909906}.AppStore|ARM.Deploy.0 = Release|ARM
		{4A7B9AEA-DCF3-4B0B-8C1A-E9CF10909906}.AppStore|iPhone.ActiveCfg = Release|x86
		{4A7B9AEA-DCF3-4B0B-8C1A-E9CF10909906}.AppStore|iPhone.Build.0 = Release|x86
		{4A7B9AEA-DCF3-4B0B-8C1A-E9CF10909906}.AppStore|iPhone.Deploy.0 = Release|x86
		{4A7B9AEA-DCF3-4B0B-8C1A-E9CF10909906}.AppStore|iPhoneSimulator.ActiveCfg = Release|x86
		{4A7B9AEA-DCF3-4B0B-8C1A-E9CF10909906}.AppStore|iPhoneSimulator.Build.0 = Release|x86
		{4A7B9AEA-DCF3-4B0B-8C1A-E9CF10909906}.AppStore|iPhoneSimulator.Deploy.0 = Release|x86
		{4A7B9AEA-DCF3-4B0B-8C1A-E9CF10909906}.AppStore|x64.ActiveCfg = Release|x64
		{4A7B9AEA-DCF3-4B0B-8C1A-E9CF10909906}.AppStore|x64.Build.0 = Release|x64
		{4A7B9AEA-DCF3-4B0B-8C1A-E9CF10909906}.AppStore|x64.Deploy.0 = Release|x64
		{4A7B9AEA-DCF3-4B0B-8C1A-E9CF10909906}.AppStore|x86.ActiveCfg = Release|x86
		{4A7B9AEA-DCF3-4B0B-8C1A-E9CF10909906}.AppStore|x86.Build.0 = Release|x86
		{4A7B9AEA-DCF3-4B0B-8C1A-E9CF10909906}.AppStore|x86.Deploy.0 = Release|x86
		{4A7B9AEA-DCF3-4B0B-8C1A-E9CF10909906}.Debug|Any CPU.ActiveCfg = Debug|x86
		{4A7B9AEA-DCF3-4B0B-8C1A-E9CF10909906}.Debug|ARM.ActiveCfg = Debug|ARM
		{4A7B9AEA-DCF3-4B0B-8C1A-E9CF10909906}.Debug|ARM.Build.0 = Debug|ARM
		{4A7B9AEA-DCF3-4B0B-8C1A-E9CF10909906}.Debug|ARM.Deploy.0 = Debug|ARM
		{4A7B9AEA-DCF3-4B0B-8C1A-E9CF10909906}.Debug|iPhone.ActiveCfg = Debug|x86
		{4A7B9AEA-DCF3-4B0B-8C1A-E9CF10909906}.Debug|iPhoneSimulator.ActiveCfg = Debug|x86
		{4A7B9AEA-DCF3-4B0B-8C1A-E9CF10909906}.Debug|x64.ActiveCfg = Debug|x64
		{4A7B9AEA-DCF3-4B0B-8C1A-E9CF10909906}.Debug|x64.Build.0 = Debug|x64
		{4A7B9AEA-DCF3-4B0B-8C1A-E9CF10909906}.Debug|x64.Deploy.0 = Debug|x64
		{4A7B9AEA-DCF3-4B0B-8C1A-E9CF10909906}.Debug|x86.ActiveCfg = Debug|x86
		{4A7B9AEA-DCF3-4B0B-8C1A-E9CF10909906}.Debug|x86.Build.0 = Debug|x86
		{4A7B9AEA-DCF3-4B0B-8C1A-E9CF10909906}.Debug|x86.Deploy.0 = Debug|x86
		{4A7B9AEA-DCF3-4B0B-8C1A-E9CF10909906}.Release|Any CPU.ActiveCfg = Release|x86
		{4A7B9AEA-DCF3-4B0B-8C1A-E9CF10909906}.Release|ARM.ActiveCfg = Release|ARM
		{4A7B9AEA-DCF3-4B0B-8C1A-E9CF10909906}.Release|ARM.Build.0 = Release|ARM
		{4A7B9AEA-DCF3-4B0B-8C1A-E9CF10909906}.Release|ARM.Deploy.0 = Release|ARM
		{4A7B9AEA-DCF3-4B0B-8C1A-E9CF10909906}.Release|iPhone.ActiveCfg = Release|x86
		{4A7B9AEA-DCF3-4B0B-8C1A-E9CF10909906}.Release|iPhoneSimulator.ActiveCfg = Release|x86
		{4A7B9AEA-DCF3-4B0B-8C1A-E9CF10909906}.Release|x64.ActiveCfg = Release|x64
		{4A7B9AEA-DCF3-4B0B-8C1A-E9CF10909906}.Release|x64.Build.0 = Release|x64
		{4A7B9AEA-DCF3-4B0B-8C1A-E9CF10909906}.Release|x64.Deploy.0 = Release|x64
		{4A7B9AEA-DCF3-4B0B-8C1A-E9CF10909906}.Release|x86.ActiveCfg = Release|x86
		{4A7B9AEA-DCF3-4B0B-8C1A-E9CF10909906}.Release|x86.Build.0 = Release|x86
		{4A7B9AEA-DCF3-4B0B-8C1A-E9CF10909906}.Release|x86.Deploy.0 = Release|x86
		{BF496DC1-F2E8-4169-A5D6-161394A69D0A}.Ad-Hoc|Any CPU.ActiveCfg = Release|Any CPU
		{BF496DC1-F2E8-4169-A5D6-161394A69D0A}.Ad-Hoc|Any CPU.Build.0 = Release|Any CPU
		{BF496DC1-F2E8-4169-A5D6-161394A69D0A}.Ad-Hoc|Any CPU.Deploy.0 = Release|Any CPU
		{BF496DC1-F2E8-4169-A5D6-161394A69D0A}.Ad-Hoc|ARM.ActiveCfg = Release|ARM
		{BF496DC1-F2E8-4169-A5D6-161394A69D0A}.Ad-Hoc|ARM.Build.0 = Release|ARM
		{BF496DC1-F2E8-4169-A5D6-161394A69D0A}.Ad-Hoc|ARM.Deploy.0 = Release|ARM
		{BF496DC1-F2E8-4169-A5D6-161394A69D0A}.Ad-Hoc|iPhone.ActiveCfg = Release|Any CPU
		{BF496DC1-F2E8-4169-A5D6-161394A69D0A}.Ad-Hoc|iPhone.Build.0 = Release|Any CPU
		{BF496DC1-F2E8-4169-A5D6-161394A69D0A}.Ad-Hoc|iPhone.Deploy.0 = Release|Any CPU
		{BF496DC1-F2E8-4169-A5D6-161394A69D0A}.Ad-Hoc|iPhoneSimulator.ActiveCfg = Release|Any CPU
		{BF496DC1-F2E8-4169-A5D6-161394A69D0A}.Ad-Hoc|iPhoneSimulator.Build.0 = Release|Any CPU
		{BF496DC1-F2E8-4169-A5D6-161394A69D0A}.Ad-Hoc|iPhoneSimulator.Deploy.0 = Release|Any CPU
		{BF496DC1-F2E8-4169-A5D6-161394A69D0A}.Ad-Hoc|x64.ActiveCfg = Release|x64
		{BF496DC1-F2E8-4169-A5D6-161394A69D0A}.Ad-Hoc|x64.Build.0 = Release|x64
		{BF496DC1-F2E8-4169-A5D6-161394A69D0A}.Ad-Hoc|x64.Deploy.0 = Release|x64
		{BF496DC1-F2E8-4169-A5D6-161394A69D0A}.Ad-Hoc|x86.ActiveCfg = Release|x86
		{BF496DC1-F2E8-4169-A5D6-161394A69D0A}.Ad-Hoc|x86.Build.0 = Release|x86
		{BF496DC1-F2E8-4169-A5D6-161394A69D0A}.Ad-Hoc|x86.Deploy.0 = Release|x86
		{BF496DC1-F2E8-4169-A5D6-161394A69D0A}.AppStore|Any CPU.ActiveCfg = Release|Any CPU
		{BF496DC1-F2E8-4169-A5D6-161394A69D0A}.AppStore|Any CPU.Build.0 = Release|Any CPU
		{BF496DC1-F2E8-4169-A5D6-161394A69D0A}.AppStore|Any CPU.Deploy.0 = Release|Any CPU
		{BF496DC1-F2E8-4169-A5D6-161394A69D0A}.AppStore|ARM.ActiveCfg = Release|ARM
		{BF496DC1-F2E8-4169-A5D6-161394A69D0A}.AppStore|ARM.Build.0 = Release|ARM
		{BF496DC1-F2E8-4169-A5D6-161394A69D0A}.AppStore|ARM.Deploy.0 = Release|ARM
		{BF496DC1-F2E8-4169-A5D6-161394A69D0A}.AppStore|iPhone.ActiveCfg = Release|Any CPU
		{BF496DC1-F2E8-4169-A5D6-161394A69D0A}.AppStore|iPhone.Build.0 = Release|Any CPU
		{BF496DC1-F2E8-4169-A5D6-161394A69D0A}.AppStore|iPhone.Deploy.0 = Release|Any CPU
		{BF496DC1-F2E8-4169-A5D6-161394A69D0A}.AppStore|iPhoneSimulator.ActiveCfg = Release|Any CPU
		{BF496DC1-F2E8-4169-A5D6-161394A69D0A}.AppStore|iPhoneSimulator.Build.0 = Release|Any CPU
		{BF496DC1-F2E8-4169-A5D6-161394A69D0A}.AppStore|iPhoneSimulator.Deploy.0 = Release|Any CPU
		{BF496DC1-F2E8-4169-A5D6-161394A69D0A}.AppStore|x64.ActiveCfg = Release|x64
		{BF496DC1-F2E8-4169-A5D6-161394A69D0A}.AppStore|x64.Build.0 = Release|x64
		{BF496DC1-F2E8-4169-A5D6-161394A69D0A}.AppStore|x64.Deploy.0 = Release|x64
		{BF496DC1-F2E8-4169-A5D6-161394A69D0A}.AppStore|x86.ActiveCfg = Release|x86
		{BF496DC1-F2E8-4169-A5D6-161394A69D0A}.AppStore|x86.Build.0 = Release|x86
		{BF496DC1-F2E8-4169-A5D6-161394A69D0A}.AppStore|x86.Deploy.0 = Release|x86
		{BF496DC1-F2E8-4169-A5D6-161394A69D0A}.Debug|Any CPU.ActiveCfg = Debug|Any CPU
		{BF496DC1-F2E8-4169-A5D6-161394A69D0A}.Debug|Any CPU.Build.0 = Debug|Any CPU
		{BF496DC1-F2E8-4169-A5D6-161394A69D0A}.Debug|Any CPU.Deploy.0 = Debug|Any CPU
		{BF496DC1-F2E8-4169-A5D6-161394A69D0A}.Debug|ARM.ActiveCfg = Debug|ARM
		{BF496DC1-F2E8-4169-A5D6-161394A69D0A}.Debug|ARM.Build.0 = Debug|ARM
		{BF496DC1-F2E8-4169-A5D6-161394A69D0A}.Debug|ARM.Deploy.0 = Debug|ARM
		{BF496DC1-F2E8-4169-A5D6-161394A69D0A}.Debug|iPhone.ActiveCfg = Debug|Any CPU
		{BF496DC1-F2E8-4169-A5D6-161394A69D0A}.Debug|iPhone.Build.0 = Debug|Any CPU
		{BF496DC1-F2E8-4169-A5D6-161394A69D0A}.Debug|iPhone.Deploy.0 = Debug|Any CPU
		{BF496DC1-F2E8-4169-A5D6-161394A69D0A}.Debug|iPhoneSimulator.ActiveCfg = Debug|Any CPU
		{BF496DC1-F2E8-4169-A5D6-161394A69D0A}.Debug|iPhoneSimulator.Build.0 = Debug|Any CPU
		{BF496DC1-F2E8-4169-A5D6-161394A69D0A}.Debug|iPhoneSimulator.Deploy.0 = Debug|Any CPU
		{BF496DC1-F2E8-4169-A5D6-161394A69D0A}.Debug|x64.ActiveCfg = Debug|x64
		{BF496DC1-F2E8-4169-A5D6-161394A69D0A}.Debug|x64.Build.0 = Debug|x64
		{BF496DC1-F2E8-4169-A5D6-161394A69D0A}.Debug|x64.Deploy.0 = Debug|x64
		{BF496DC1-F2E8-4169-A5D6-161394A69D0A}.Debug|x86.ActiveCfg = Debug|x86
		{BF496DC1-F2E8-4169-A5D6-161394A69D0A}.Debug|x86.Build.0 = Debug|x86
		{BF496DC1-F2E8-4169-A5D6-161394A69D0A}.Debug|x86.Deploy.0 = Debug|x86
		{BF496DC1-F2E8-4169-A5D6-161394A69D0A}.Release|Any CPU.ActiveCfg = Release|Any CPU
		{BF496DC1-F2E8-4169-A5D6-161394A69D0A}.Release|Any CPU.Build.0 = Release|Any CPU
		{BF496DC1-F2E8-4169-A5D6-161394A69D0A}.Release|Any CPU.Deploy.0 = Release|Any CPU
		{BF496DC1-F2E8-4169-A5D6-161394A69D0A}.Release|ARM.ActiveCfg = Release|ARM
		{BF496DC1-F2E8-4169-A5D6-161394A69D0A}.Release|ARM.Build.0 = Release|ARM
		{BF496DC1-F2E8-4169-A5D6-161394A69D0A}.Release|ARM.Deploy.0 = Release|ARM
		{BF496DC1-F2E8-4169-A5D6-161394A69D0A}.Release|iPhone.ActiveCfg = Release|Any CPU
		{BF496DC1-F2E8-4169-A5D6-161394A69D0A}.Release|iPhone.Build.0 = Release|Any CPU
		{BF496DC1-F2E8-4169-A5D6-161394A69D0A}.Release|iPhone.Deploy.0 = Release|Any CPU
		{BF496DC1-F2E8-4169-A5D6-161394A69D0A}.Release|iPhoneSimulator.ActiveCfg = Release|Any CPU
		{BF496DC1-F2E8-4169-A5D6-161394A69D0A}.Release|iPhoneSimulator.Build.0 = Release|Any CPU
		{BF496DC1-F2E8-4169-A5D6-161394A69D0A}.Release|iPhoneSimulator.Deploy.0 = Release|Any CPU
		{BF496DC1-F2E8-4169-A5D6-161394A69D0A}.Release|x64.ActiveCfg = Release|x64
		{BF496DC1-F2E8-4169-A5D6-161394A69D0A}.Release|x64.Build.0 = Release|x64
		{BF496DC1-F2E8-4169-A5D6-161394A69D0A}.Release|x64.Deploy.0 = Release|x64
		{BF496DC1-F2E8-4169-A5D6-161394A69D0A}.Release|x86.ActiveCfg = Release|x86
		{BF496DC1-F2E8-4169-A5D6-161394A69D0A}.Release|x86.Build.0 = Release|x86
		{BF496DC1-F2E8-4169-A5D6-161394A69D0A}.Release|x86.Deploy.0 = Release|x86
	EndGlobalSection
	GlobalSection(SolutionProperties) = preSolution
		HideSolutionNode = FALSE
	EndGlobalSection
EndGlobal
